
Microsoft Visual Studio Solution File, Format Version 12.00
# Visual Studio Version 16
VisualStudioVersion = 16.0.31025.194
MinimumVisualStudioVersion = 10.0.40219.1
Project("{00D1A9C2-B5F0-4AF3-8072-F6C62B433612}") = "DWHBeispielDB", "DWHBeispielDB\DWHBeispielDB.sqlproj", "{89BB23CE-D602-4051-ACAF-26EAD39288ED}"
EndProject
Project("{159641D6-6404-4A2A-AE62-294DE0FE8301}") = "BeispielIS", "BeispielIS\BeispielIS.dtproj", "{FB3CE66B-7F12-4233-88C2-2DF4B33B2E60}"
EndProject
Project("{6870E480-7721-4708-BFB8-9AE898AA21B3}") = "BeispielTM", "..\BeispielTM\BeispielTM.smproj", "{8CE414BB-95B2-4C99-9E03-51BA72086E22}"
EndProject
Global
	GlobalSection(SolutionConfigurationPlatforms) = preSolution
		Debug|Any CPU = Debug|Any CPU
		Debug|x86 = Debug|x86
		Development|Any CPU = Development|Any CPU
		Development|x86 = Development|x86
		Release|Any CPU = Release|Any CPU
		Release|x86 = Release|x86
	EndGlobalSection
	GlobalSection(ProjectConfigurationPlatforms) = postSolution
		{89BB23CE-D602-4051-ACAF-26EAD39288ED}.Debug|Any CPU.ActiveCfg = Debug|Any CPU
		{89BB23CE-D602-4051-ACAF-26EAD39288ED}.Debug|Any CPU.Build.0 = Debug|Any CPU
		{89BB23CE-D602-4051-ACAF-26EAD39288ED}.Debug|Any CPU.Deploy.0 = Debug|Any CPU
		{89BB23CE-D602-4051-ACAF-26EAD39288ED}.Debug|x86.ActiveCfg = Debug|Any CPU
		{89BB23CE-D602-4051-ACAF-26EAD39288ED}.Debug|x86.Build.0 = Debug|Any CPU
		{89BB23CE-D602-4051-ACAF-26EAD39288ED}.Debug|x86.Deploy.0 = Debug|Any CPU
		{89BB23CE-D602-4051-ACAF-26EAD39288ED}.Development|Any CPU.ActiveCfg = Debug|Any CPU
		{89BB23CE-D602-4051-ACAF-26EAD39288ED}.Development|Any CPU.Build.0 = Debug|Any CPU
		{89BB23CE-D602-4051-ACAF-26EAD39288ED}.Development|Any CPU.Deploy.0 = Debug|Any CPU
		{89BB23CE-D602-4051-ACAF-26EAD39288ED}.Development|x86.ActiveCfg = Debug|Any CPU
		{89BB23CE-D602-4051-ACAF-26EAD39288ED}.Development|x86.Build.0 = Debug|Any CPU
		{89BB23CE-D602-4051-ACAF-26EAD39288ED}.Development|x86.Deploy.0 = Debug|Any CPU
		{89BB23CE-D602-4051-ACAF-26EAD39288ED}.Release|Any CPU.ActiveCfg = Release|Any CPU
		{89BB23CE-D602-4051-ACAF-26EAD39288ED}.Release|Any CPU.Build.0 = Release|Any CPU
		{89BB23CE-D602-4051-ACAF-26EAD39288ED}.Release|Any CPU.Deploy.0 = Release|Any CPU
		{89BB23CE-D602-4051-ACAF-26EAD39288ED}.Release|x86.ActiveCfg = Release|Any CPU
		{89BB23CE-D602-4051-ACAF-26EAD39288ED}.Release|x86.Build.0 = Release|Any CPU
		{89BB23CE-D602-4051-ACAF-26EAD39288ED}.Release|x86.Deploy.0 = Release|Any CPU
		{FB3CE66B-7F12-4233-88C2-2DF4B33B2E60}.Debug|Any CPU.ActiveCfg = Development
		{FB3CE66B-7F12-4233-88C2-2DF4B33B2E60}.Debug|Any CPU.Build.0 = Development
		{FB3CE66B-7F12-4233-88C2-2DF4B33B2E60}.Debug|x86.ActiveCfg = Development
		{FB3CE66B-7F12-4233-88C2-2DF4B33B2E60}.Debug|x86.Build.0 = Development
		{FB3CE66B-7F12-4233-88C2-2DF4B33B2E60}.Development|Any CPU.ActiveCfg = Development
		{FB3CE66B-7F12-4233-88C2-2DF4B33B2E60}.Development|Any CPU.Build.0 = Development
		{FB3CE66B-7F12-4233-88C2-2DF4B33B2E60}.Development|x86.ActiveCfg = Development
		{FB3CE66B-7F12-4233-88C2-2DF4B33B2E60}.Development|x86.Build.0 = Development
		{FB3CE66B-7F12-4233-88C2-2DF4B33B2E60}.Release|Any CPU.ActiveCfg = Development
		{FB3CE66B-7F12-4233-88C2-2DF4B33B2E60}.Release|Any CPU.Build.0 = Development
		{FB3CE66B-7F12-4233-88C2-2DF4B33B2E60}.Release|x86.ActiveCfg = Development
		{FB3CE66B-7F12-4233-88C2-2DF4B33B2E60}.Release|x86.Build.0 = Development
		{8CE414BB-95B2-4C99-9E03-51BA72086E22}.Debug|Any CPU.ActiveCfg = Development|x86
		{8CE414BB-95B2-4C99-9E03-51BA72086E22}.Debug|Any CPU.Build.0 = Development|x86
		{8CE414BB-95B2-4C99-9E03-51BA72086E22}.Debug|Any CPU.Deploy.0 = Development|x86
		{8CE414BB-95B2-4C99-9E03-51BA72086E22}.Debug|x86.ActiveCfg = Development|x86
		{8CE414BB-95B2-4C99-9E03-51BA72086E22}.Debug|x86.Build.0 = Development|x86
		{8CE414BB-95B2-4C99-9E03-51BA72086E22}.Debug|x86.Deploy.0 = Development|x86
		{8CE414BB-95B2-4C99-9E03-51BA72086E22}.Development|Any CPU.ActiveCfg = Development|x86
		{8CE414BB-95B2-4C99-9E03-51BA72086E22}.Development|x86.ActiveCfg = Development|x86
		{8CE414BB-95B2-4C99-9E03-51BA72086E22}.Development|x86.Build.0 = Development|x86
		{8CE414BB-95B2-4C99-9E03-51BA72086E22}.Development|x86.Deploy.0 = Development|x86
		{8CE414BB-95B2-4C99-9E03-51BA72086E22}.Release|Any CPU.ActiveCfg = Development|x86
		{8CE414BB-95B2-4C99-9E03-51BA72086E22}.Release|Any CPU.Build.0 = Development|x86
		{8CE414BB-95B2-4C99-9E03-51BA72086E22}.Release|Any CPU.Deploy.0 = Development|x86
		{8CE414BB-95B2-4C99-9E03-51BA72086E22}.Release|x86.ActiveCfg = Development|x86
		{8CE414BB-95B2-4C99-9E03-51BA72086E22}.Release|x86.Build.0 = Development|x86
		{8CE414BB-95B2-4C99-9E03-51BA72086E22}.Release|x86.Deploy.0 = Development|x86
	EndGlobalSection
	GlobalSection(SolutionProperties) = preSolution
		HideSolutionNode = FALSE
	EndGlobalSection
	GlobalSection(ExtensibilityGlobals) = postSolution
		SolutionGuid = {116AD120-B0A0-4316-AE57-7A2DC22255F0}
	EndGlobalSection
EndGlobal
